
Microsoft Visual Studio Solution File, Format Version 12.00
# Visual Studio 15
VisualStudioVersion = 15.0.27703.2035
MinimumVisualStudioVersion = 10.0.40219.1
Project("{FAE04EC0-301F-11D3-BF4B-00C04F79EFBC}") = "AtividadeRedis", "AtividadeRedis\AtividadeRedis.csproj", "{CEED9B50-8A05-4C58-B1C2-F04B84EB9141}"
EndProject
Project("{FAE04EC0-301F-11D3-BF4B-00C04F79EFBC}") = "AtividadeRedis2", "AtividadeRedis2\AtividadeRedis2.csproj", "{468778F5-DD5E-4344-9A6F-F8BAF20F82E1}"
EndProject
Project("{FAE04EC0-301F-11D3-BF4B-00C04F79EFBC}") = "Queue", "Queue\Queue.csproj", "{70CA18FC-3DAE-4D0A-871C-A7FE77EC2DA2}"
EndProject
Global
	GlobalSection(SolutionConfigurationPlatforms) = preSolution
		Debug|Any CPU = Debug|Any CPU
		Release|Any CPU = Release|Any CPU
	EndGlobalSection
	GlobalSection(ProjectConfigurationPlatforms) = postSolution
		{CEED9B50-8A05-4C58-B1C2-F04B84EB9141}.Debug|Any CPU.ActiveCfg = Debug|Any CPU
		{CEED9B50-8A05-4C58-B1C2-F04B84EB9141}.Debug|Any CPU.Build.0 = Debug|Any CPU
		{CEED9B50-8A05-4C58-B1C2-F04B84EB9141}.Release|Any CPU.ActiveCfg = Release|Any CPU
		{CEED9B50-8A05-4C58-B1C2-F04B84EB9141}.Release|Any CPU.Build.0 = Release|Any CPU
		{468778F5-DD5E-4344-9A6F-F8BAF20F82E1}.Debug|Any CPU.ActiveCfg = Debug|Any CPU
		{468778F5-DD5E-4344-9A6F-F8BAF20F82E1}.Debug|Any CPU.Build.0 = Debug|Any CPU
		{468778F5-DD5E-4344-9A6F-F8BAF20F82E1}.Release|Any CPU.ActiveCfg = Release|Any CPU
		{468778F5-DD5E-4344-9A6F-F8BAF20F82E1}.Release|Any CPU.Build.0 = Release|Any CPU
		{70CA18FC-3DAE-4D0A-871C-A7FE77EC2DA2}.Debug|Any CPU.ActiveCfg = Debug|Any CPU
		{70CA18FC-3DAE-4D0A-871C-A7FE77EC2DA2}.Debug|Any CPU.Build.0 = Debug|Any CPU
		{70CA18FC-3DAE-4D0A-871C-A7FE77EC2DA2}.Release|Any CPU.ActiveCfg = Release|Any CPU
		{70CA18FC-3DAE-4D0A-871C-A7FE77EC2DA2}.Release|Any CPU.Build.0 = Release|Any CPU
	EndGlobalSection
	GlobalSection(SolutionProperties) = preSolution
		HideSolutionNode = FALSE
	EndGlobalSection
	GlobalSection(ExtensibilityGlobals) = postSolution
		SolutionGuid = {0AD41540-ACB5-49D2-8BA7-0406C7CACA18}
	EndGlobalSection
EndGlobal
